
Microsoft Visual Studio Solution File, Format Version 12.00
# Visual Studio Version 17
VisualStudioVersion = 17.7.34024.191
MinimumVisualStudioVersion = 10.0.40219.1
Project("{FAE04EC0-301F-11D3-BF4B-00C04F79EFBC}") = "kr", "kr.csproj", "{611B30FA-D6C4-444A-8796-1D0782E8B134}"
EndProject
Global
	GlobalSection(SolutionConfigurationPlatforms) = preSolution
		Debug|Any CPU = Debug|Any CPU
		Release|Any CPU = Release|Any CPU
	EndGlobalSection
	GlobalSection(ProjectConfigurationPlatforms) = postSolution
		{611B30FA-D6C4-444A-8796-1D0782E8B134}.Debug|Any CPU.ActiveCfg = Debug|Any CPU
		{611B30FA-D6C4-444A-8796-1D0782E8B134}.Debug|Any CPU.Build.0 = Debug|Any CPU
		{611B30FA-D6C4-444A-8796-1D0782E8B134}.Release|Any CPU.ActiveCfg = Release|Any CPU
		{611B30FA-D6C4-444A-8796-1D0782E8B134}.Release|Any CPU.Build.0 = Release|Any CPU
	EndGlobalSection
	GlobalSection(SolutionProperties) = preSolution
		HideSolutionNode = FALSE
	EndGlobalSection
	GlobalSection(ExtensibilityGlobals) = postSolution
		SolutionGuid = {CE7346DF-D38A-481A-98C8-527402D2F69C}
	EndGlobalSection
EndGlobal
